
Microsoft Visual Studio Solution File, Format Version 12.00
# Visual Studio Version 17
VisualStudioVersion = 17.4.33403.182
MinimumVisualStudioVersion = 10.0.40219.1
Project("{9A19103F-16F7-4668-BE54-9A1E7A4F7556}") = "Сollections", "Сollections\Сollections.csproj", "{AE2451FC-A85D-473E-9729-158F9164ECEB}"
EndProject
Project("{9A19103F-16F7-4668-BE54-9A1E7A4F7556}") = "Classic Collecs", "Classic Collecs\Classic Collecs.csproj", "{773D5364-49D1-4913-98B0-192D6036AFC4}"
EndProject
Project("{9A19103F-16F7-4668-BE54-9A1E7A4F7556}") = "Collection3", "Collection3\Collection3.csproj", "{D24CA1E7-7073-401D-BF5B-516D2A0C6940}"
EndProject
Project("{FAE04EC0-301F-11D3-BF4B-00C04F79EFBC}") = "13.6.1", "13.6.1\13.6.1.csproj", "{21105165-13AF-4AC8-B5A8-470C230906CA}"
EndProject
Project("{FAE04EC0-301F-11D3-BF4B-00C04F79EFBC}") = "13.6.2", "13.6.2\13.6.2.csproj", "{640B84F9-6717-49A3-80B9-12D4E7F9395F}"
EndProject
Global
	GlobalSection(SolutionConfigurationPlatforms) = preSolution
		Debug|Any CPU = Debug|Any CPU
		Release|Any CPU = Release|Any CPU
	EndGlobalSection
	GlobalSection(ProjectConfigurationPlatforms) = postSolution
		{AE2451FC-A85D-473E-9729-158F9164ECEB}.Debug|Any CPU.ActiveCfg = Debug|Any CPU
		{AE2451FC-A85D-473E-9729-158F9164ECEB}.Debug|Any CPU.Build.0 = Debug|Any CPU
		{AE2451FC-A85D-473E-9729-158F9164ECEB}.Release|Any CPU.ActiveCfg = Release|Any CPU
		{AE2451FC-A85D-473E-9729-158F9164ECEB}.Release|Any CPU.Build.0 = Release|Any CPU
		{773D5364-49D1-4913-98B0-192D6036AFC4}.Debug|Any CPU.ActiveCfg = Debug|Any CPU
		{773D5364-49D1-4913-98B0-192D6036AFC4}.Debug|Any CPU.Build.0 = Debug|Any CPU
		{773D5364-49D1-4913-98B0-192D6036AFC4}.Release|Any CPU.ActiveCfg = Release|Any CPU
		{773D5364-49D1-4913-98B0-192D6036AFC4}.Release|Any CPU.Build.0 = Release|Any CPU
		{D24CA1E7-7073-401D-BF5B-516D2A0C6940}.Debug|Any CPU.ActiveCfg = Debug|Any CPU
		{D24CA1E7-7073-401D-BF5B-516D2A0C6940}.Debug|Any CPU.Build.0 = Debug|Any CPU
		{D24CA1E7-7073-401D-BF5B-516D2A0C6940}.Release|Any CPU.ActiveCfg = Release|Any CPU
		{D24CA1E7-7073-401D-BF5B-516D2A0C6940}.Release|Any CPU.Build.0 = Release|Any CPU
		{21105165-13AF-4AC8-B5A8-470C230906CA}.Debug|Any CPU.ActiveCfg = Debug|Any CPU
		{21105165-13AF-4AC8-B5A8-470C230906CA}.Debug|Any CPU.Build.0 = Debug|Any CPU
		{21105165-13AF-4AC8-B5A8-470C230906CA}.Release|Any CPU.ActiveCfg = Release|Any CPU
		{21105165-13AF-4AC8-B5A8-470C230906CA}.Release|Any CPU.Build.0 = Release|Any CPU
		{640B84F9-6717-49A3-80B9-12D4E7F9395F}.Debug|Any CPU.ActiveCfg = Debug|Any CPU
		{640B84F9-6717-49A3-80B9-12D4E7F9395F}.Debug|Any CPU.Build.0 = Debug|Any CPU
		{640B84F9-6717-49A3-80B9-12D4E7F9395F}.Release|Any CPU.ActiveCfg = Release|Any CPU
		{640B84F9-6717-49A3-80B9-12D4E7F9395F}.Release|Any CPU.Build.0 = Release|Any CPU
	EndGlobalSection
	GlobalSection(SolutionProperties) = preSolution
		HideSolutionNode = FALSE
	EndGlobalSection
	GlobalSection(ExtensibilityGlobals) = postSolution
		SolutionGuid = {52231559-B2DB-4258-8F39-2810E217FF30}
	EndGlobalSection
EndGlobal
